// !$*UTF8*$!
{
	archiveVersion = 1;
	classes = {
	};
	objectVersion = 56;
	objects = {

/* Begin PBXBuildFile section */
		44433DF12B7D2B68003D5F90 /* MMAApp.swift in Sources */ = {isa = PBXBuildFile; fileRef = 44433DF02B7D2B68003D5F90 /* MMAApp.swift */; };
		44433DF32B7D2B68003D5F90 /* TransactionListView.swift in Sources */ = {isa = PBXBuildFile; fileRef = 44433DF22B7D2B68003D5F90 /* TransactionListView.swift */; };
		44433DF52B7D2B68003D5F90 /* Transact.swift in Sources */ = {isa = PBXBuildFile; fileRef = 44433DF42B7D2B68003D5F90 /* Transact.swift */; };
		44433DF72B7D2B69003D5F90 /* Assets.xcassets in Resources */ = {isa = PBXBuildFile; fileRef = 44433DF62B7D2B69003D5F90 /* Assets.xcassets */; };
		44433DFA2B7D2B69003D5F90 /* Preview Assets.xcassets in Resources */ = {isa = PBXBuildFile; fileRef = 44433DF92B7D2B69003D5F90 /* Preview Assets.xcassets */; };
		44433E052B7D2E01003D5F90 /* iOSContentView.swift in Sources */ = {isa = PBXBuildFile; fileRef = 44433E042B7D2E01003D5F90 /* iOSContentView.swift */; };
		44433E072B7D2E18003D5F90 /* MacOSContentView.swift in Sources */ = {isa = PBXBuildFile; fileRef = 44433E062B7D2E18003D5F90 /* MacOSContentView.swift */; };
		44433E0B2B7D2F2F003D5F90 /* MacOSSidebar.swift in Sources */ = {isa = PBXBuildFile; fileRef = 44433E0A2B7D2F2F003D5F90 /* MacOSSidebar.swift */; };
		44433E0D2B7D2F4A003D5F90 /* ContentViewModel.swift in Sources */ = {isa = PBXBuildFile; fileRef = 44433E0C2B7D2F4A003D5F90 /* ContentViewModel.swift */; };
		44433E122B7D3586003D5F90 /* Category.swift in Sources */ = {isa = PBXBuildFile; fileRef = 44433E112B7D3586003D5F90 /* Category.swift */; };
		445F61F62B7D93720010E2BD /* TransactionViewModel.swift in Sources */ = {isa = PBXBuildFile; fileRef = 445F61F52B7D93720010E2BD /* TransactionViewModel.swift */; };
		445F61F82B7D937D0010E2BD /* CategoryViewModel.swift in Sources */ = {isa = PBXBuildFile; fileRef = 445F61F72B7D937D0010E2BD /* CategoryViewModel.swift */; };
		445F61FA2B7D95AE0010E2BD /* CategoryButtonStyle.swift in Sources */ = {isa = PBXBuildFile; fileRef = 445F61F92B7D95AE0010E2BD /* CategoryButtonStyle.swift */; };
		445F61FC2B7D96EA0010E2BD /* CategoryDetailView.swift in Sources */ = {isa = PBXBuildFile; fileRef = 445F61FB2B7D96EA0010E2BD /* CategoryDetailView.swift */; };
		445F61FE2B7D96F60010E2BD /* TransactionDetailView.swift in Sources */ = {isa = PBXBuildFile; fileRef = 445F61FD2B7D96F60010E2BD /* TransactionDetailView.swift */; };
		449E54CF2B7D3BA0009018CF /* HomeView.swift in Sources */ = {isa = PBXBuildFile; fileRef = 449E54CE2B7D3BA0009018CF /* HomeView.swift */; };
		449E54D12B7D3BA7009018CF /* ChartView.swift in Sources */ = {isa = PBXBuildFile; fileRef = 449E54D02B7D3BA7009018CF /* ChartView.swift */; };
		449E54D42B7D3C0B009018CF /* CategoryListView.swift in Sources */ = {isa = PBXBuildFile; fileRef = 449E54D32B7D3C0B009018CF /* CategoryListView.swift */; };
		44D7DE3C2B7D47A70079D8F5 /* NewCategoryView.swift in Sources */ = {isa = PBXBuildFile; fileRef = 44D7DE3B2B7D47A70079D8F5 /* NewCategoryView.swift */; };
		44D7DE3E2B7D47AF0079D8F5 /* NewTransactionView.swift in Sources */ = {isa = PBXBuildFile; fileRef = 44D7DE3D2B7D47AF0079D8F5 /* NewTransactionView.swift */; };
		44D7DE412B7D6D100079D8F5 /* CurrencyFormatter.swift in Sources */ = {isa = PBXBuildFile; fileRef = 44D7DE402B7D6D100079D8F5 /* CurrencyFormatter.swift */; };
/* End PBXBuildFile section */

/* Begin PBXFileReference section */
		44433DED2B7D2B68003D5F90 /* MMA.app */ = {isa = PBXFileReference; explicitFileType = wrapper.application; includeInIndex = 0; path = MMA.app; sourceTree = BUILT_PRODUCTS_DIR; };
		44433DF02B7D2B68003D5F90 /* MMAApp.swift */ = {isa = PBXFileReference; lastKnownFileType = sourcecode.swift; path = MMAApp.swift; sourceTree = "<group>"; };
		44433DF22B7D2B68003D5F90 /* TransactionListView.swift */ = {isa = PBXFileReference; lastKnownFileType = sourcecode.swift; path = TransactionListView.swift; sourceTree = "<group>"; };
		44433DF42B7D2B68003D5F90 /* Transact.swift */ = {isa = PBXFileReference; lastKnownFileType = sourcecode.swift; path = Transact.swift; sourceTree = "<group>"; };
		44433DF62B7D2B69003D5F90 /* Assets.xcassets */ = {isa = PBXFileReference; lastKnownFileType = folder.assetcatalog; path = Assets.xcassets; sourceTree = "<group>"; };
		44433DF92B7D2B69003D5F90 /* Preview Assets.xcassets */ = {isa = PBXFileReference; lastKnownFileType = folder.assetcatalog; path = "Preview Assets.xcassets"; sourceTree = "<group>"; };
		44433E042B7D2E01003D5F90 /* iOSContentView.swift */ = {isa = PBXFileReference; lastKnownFileType = sourcecode.swift; path = iOSContentView.swift; sourceTree = "<group>"; };
		44433E062B7D2E18003D5F90 /* MacOSContentView.swift */ = {isa = PBXFileReference; lastKnownFileType = sourcecode.swift; path = MacOSContentView.swift; sourceTree = "<group>"; };
		44433E0A2B7D2F2F003D5F90 /* MacOSSidebar.swift */ = {isa = PBXFileReference; lastKnownFileType = sourcecode.swift; path = MacOSSidebar.swift; sourceTree = "<group>"; };
		44433E0C2B7D2F4A003D5F90 /* ContentViewModel.swift */ = {isa = PBXFileReference; lastKnownFileType = sourcecode.swift; path = ContentViewModel.swift; sourceTree = "<group>"; };
		44433E112B7D3586003D5F90 /* Category.swift */ = {isa = PBXFileReference; lastKnownFileType = sourcecode.swift; path = Category.swift; sourceTree = "<group>"; };
		445F61F52B7D93720010E2BD /* TransactionViewModel.swift */ = {isa = PBXFileReference; lastKnownFileType = sourcecode.swift; path = TransactionViewModel.swift; sourceTree = "<group>"; };
		445F61F72B7D937D0010E2BD /* CategoryViewModel.swift */ = {isa = PBXFileReference; lastKnownFileType = sourcecode.swift; path = CategoryViewModel.swift; sourceTree = "<group>"; };
		445F61F92B7D95AE0010E2BD /* CategoryButtonStyle.swift */ = {isa = PBXFileReference; lastKnownFileType = sourcecode.swift; path = CategoryButtonStyle.swift; sourceTree = "<group>"; };
		445F61FB2B7D96EA0010E2BD /* CategoryDetailView.swift */ = {isa = PBXFileReference; lastKnownFileType = sourcecode.swift; path = CategoryDetailView.swift; sourceTree = "<group>"; };
		445F61FD2B7D96F60010E2BD /* TransactionDetailView.swift */ = {isa = PBXFileReference; lastKnownFileType = sourcecode.swift; path = TransactionDetailView.swift; sourceTree = "<group>"; };
		449E54CE2B7D3BA0009018CF /* HomeView.swift */ = {isa = PBXFileReference; lastKnownFileType = sourcecode.swift; path = HomeView.swift; sourceTree = "<group>"; };
		449E54D02B7D3BA7009018CF /* ChartView.swift */ = {isa = PBXFileReference; lastKnownFileType = sourcecode.swift; path = ChartView.swift; sourceTree = "<group>"; };
		449E54D32B7D3C0B009018CF /* CategoryListView.swift */ = {isa = PBXFileReference; lastKnownFileType = sourcecode.swift; path = CategoryListView.swift; sourceTree = "<group>"; };
		44D7DE3B2B7D47A70079D8F5 /* NewCategoryView.swift */ = {isa = PBXFileReference; lastKnownFileType = sourcecode.swift; path = NewCategoryView.swift; sourceTree = "<group>"; };
		44D7DE3D2B7D47AF0079D8F5 /* NewTransactionView.swift */ = {isa = PBXFileReference; lastKnownFileType = sourcecode.swift; path = NewTransactionView.swift; sourceTree = "<group>"; };
		44D7DE402B7D6D100079D8F5 /* CurrencyFormatter.swift */ = {isa = PBXFileReference; lastKnownFileType = sourcecode.swift; path = CurrencyFormatter.swift; sourceTree = "<group>"; };
/* End PBXFileReference section */

/* Begin PBXFrameworksBuildPhase section */
		44433DEA2B7D2B68003D5F90 /* Frameworks */ = {
			isa = PBXFrameworksBuildPhase;
			buildActionMask = 2147483647;
			files = (
			);
			runOnlyForDeploymentPostprocessing = 0;
		};
/* End PBXFrameworksBuildPhase section */

/* Begin PBXGroup section */
		44433DE42B7D2B68003D5F90 = {
			isa = PBXGroup;
			children = (
				44433DEF2B7D2B68003D5F90 /* MMA */,
				44433DEE2B7D2B68003D5F90 /* Products */,
			);
			sourceTree = "<group>";
		};
		44433DEE2B7D2B68003D5F90 /* Products */ = {
			isa = PBXGroup;
			children = (
				44433DED2B7D2B68003D5F90 /* MMA.app */,
			);
			name = Products;
			sourceTree = "<group>";
		};
		44433DEF2B7D2B68003D5F90 /* MMA */ = {
			isa = PBXGroup;
			children = (
				44433DF02B7D2B68003D5F90 /* MMAApp.swift */,
				44433E002B7D2C78003D5F90 /* Model */,
				44433E012B7D2C8E003D5F90 /* View */,
				44433E022B7D2C99003D5F90 /* ViewModel */,
				44D7DE3F2B7D6CFA0079D8F5 /* Extra */,
				44433DF62B7D2B69003D5F90 /* Assets.xcassets */,
				44433DF82B7D2B69003D5F90 /* Preview Content */,
			);
			path = MMA;
			sourceTree = "<group>";
		};
		44433DF82B7D2B69003D5F90 /* Preview Content */ = {
			isa = PBXGroup;
			children = (
				44433DF92B7D2B69003D5F90 /* Preview Assets.xcassets */,
			);
			path = "Preview Content";
			sourceTree = "<group>";
		};
		44433E002B7D2C78003D5F90 /* Model */ = {
			isa = PBXGroup;
			children = (
				44433DF42B7D2B68003D5F90 /* Transact.swift */,
				44433E112B7D3586003D5F90 /* Category.swift */,
			);
			path = Model;
			sourceTree = "<group>";
		};
		44433E012B7D2C8E003D5F90 /* View */ = {
			isa = PBXGroup;
			children = (
				44433E082B7D2E24003D5F90 /* Content */,
				449E54D22B7D3BFA009018CF /* Category */,
				44433E032B7D2DAB003D5F90 /* Transaction */,
				449E54CD2B7D3B91009018CF /* Other */,
				44433E092B7D2F1F003D5F90 /* Components */,
			);
			path = View;
			sourceTree = "<group>";
		};
		44433E022B7D2C99003D5F90 /* ViewModel */ = {
			isa = PBXGroup;
			children = (
				44433E0C2B7D2F4A003D5F90 /* ContentViewModel.swift */,
				445F61F52B7D93720010E2BD /* TransactionViewModel.swift */,
				445F61F72B7D937D0010E2BD /* CategoryViewModel.swift */,
			);
			path = ViewModel;
			sourceTree = "<group>";
		};
		44433E032B7D2DAB003D5F90 /* Transaction */ = {
			isa = PBXGroup;
			children = (
				44433DF22B7D2B68003D5F90 /* TransactionListView.swift */,
				44D7DE3D2B7D47AF0079D8F5 /* NewTransactionView.swift */,
				445F61FD2B7D96F60010E2BD /* TransactionDetailView.swift */,
			);
			path = Transaction;
			sourceTree = "<group>";
		};
		44433E082B7D2E24003D5F90 /* Content */ = {
			isa = PBXGroup;
			children = (
				44433E062B7D2E18003D5F90 /* MacOSContentView.swift */,
				44433E042B7D2E01003D5F90 /* iOSContentView.swift */,
			);
			path = Content;
			sourceTree = "<group>";
		};
		44433E092B7D2F1F003D5F90 /* Components */ = {
			isa = PBXGroup;
			children = (
				44433E0A2B7D2F2F003D5F90 /* MacOSSidebar.swift */,
			);
			path = Components;
			sourceTree = "<group>";
		};
		449E54CD2B7D3B91009018CF /* Other */ = {
			isa = PBXGroup;
			children = (
				449E54CE2B7D3BA0009018CF /* HomeView.swift */,
				449E54D02B7D3BA7009018CF /* ChartView.swift */,
			);
			path = Other;
			sourceTree = "<group>";
		};
		449E54D22B7D3BFA009018CF /* Category */ = {
			isa = PBXGroup;
			children = (
				449E54D32B7D3C0B009018CF /* CategoryListView.swift */,
				44D7DE3B2B7D47A70079D8F5 /* NewCategoryView.swift */,
				445F61FB2B7D96EA0010E2BD /* CategoryDetailView.swift */,
			);
			path = Category;
			sourceTree = "<group>";
		};
		44D7DE3F2B7D6CFA0079D8F5 /* Extra */ = {
			isa = PBXGroup;
			children = (
				44D7DE402B7D6D100079D8F5 /* CurrencyFormatter.swift */,
				445F61F92B7D95AE0010E2BD /* CategoryButtonStyle.swift */,
			);
			path = Extra;
			sourceTree = "<group>";
		};
/* End PBXGroup section */

/* Begin PBXNativeTarget section */
		44433DEC2B7D2B68003D5F90 /* MMA */ = {
			isa = PBXNativeTarget;
			buildConfigurationList = 44433DFD2B7D2B69003D5F90 /* Build configuration list for PBXNativeTarget "MMA" */;
			buildPhases = (
				44433DE92B7D2B68003D5F90 /* Sources */,
				44433DEA2B7D2B68003D5F90 /* Frameworks */,
				44433DEB2B7D2B68003D5F90 /* Resources */,
			);
			buildRules = (
			);
			dependencies = (
			);
			name = MMA;
			productName = MMA;
			productReference = 44433DED2B7D2B68003D5F90 /* MMA.app */;
			productType = "com.apple.product-type.application";
		};
/* End PBXNativeTarget section */

/* Begin PBXProject section */
		44433DE52B7D2B68003D5F90 /* Project object */ = {
			isa = PBXProject;
			attributes = {
				BuildIndependentTargetsInParallel = 1;
				LastSwiftUpdateCheck = 1520;
				LastUpgradeCheck = 1520;
				TargetAttributes = {
					44433DEC2B7D2B68003D5F90 = {
						CreatedOnToolsVersion = 15.2;
					};
				};
			};
			buildConfigurationList = 44433DE82B7D2B68003D5F90 /* Build configuration list for PBXProject "MMA" */;
			compatibilityVersion = "Xcode 14.0";
			developmentRegion = en;
			hasScannedForEncodings = 0;
			knownRegions = (
				en,
				Base,
			);
			mainGroup = 44433DE42B7D2B68003D5F90;
			productRefGroup = 44433DEE2B7D2B68003D5F90 /* Products */;
			projectDirPath = "";
			projectRoot = "";
			targets = (
				44433DEC2B7D2B68003D5F90 /* MMA */,
			);
		};
/* End PBXProject section */

/* Begin PBXResourcesBuildPhase section */
		44433DEB2B7D2B68003D5F90 /* Resources */ = {
			isa = PBXResourcesBuildPhase;
			buildActionMask = 2147483647;
			files = (
				44433DFA2B7D2B69003D5F90 /* Preview Assets.xcassets in Resources */,
				44433DF72B7D2B69003D5F90 /* Assets.xcassets in Resources */,
			);
			runOnlyForDeploymentPostprocessing = 0;
		};
/* End PBXResourcesBuildPhase section */

/* Begin PBXSourcesBuildPhase section */
		44433DE92B7D2B68003D5F90 /* Sources */ = {
			isa = PBXSourcesBuildPhase;
			buildActionMask = 2147483647;
			files = (
				44433E0B2B7D2F2F003D5F90 /* MacOSSidebar.swift in Sources */,
				44433E052B7D2E01003D5F90 /* iOSContentView.swift in Sources */,
				44433DF32B7D2B68003D5F90 /* TransactionListView.swift in Sources */,
				449E54CF2B7D3BA0009018CF /* HomeView.swift in Sources */,
				44433E0D2B7D2F4A003D5F90 /* ContentViewModel.swift in Sources */,
				445F61FC2B7D96EA0010E2BD /* CategoryDetailView.swift in Sources */,
				44D7DE412B7D6D100079D8F5 /* CurrencyFormatter.swift in Sources */,
				449E54D42B7D3C0B009018CF /* CategoryListView.swift in Sources */,
				44433E122B7D3586003D5F90 /* Category.swift in Sources */,
				449E54D12B7D3BA7009018CF /* ChartView.swift in Sources */,
				44433E072B7D2E18003D5F90 /* MacOSContentView.swift in Sources */,
				44D7DE3E2B7D47AF0079D8F5 /* NewTransactionView.swift in Sources */,
				44433DF52B7D2B68003D5F90 /* Transact.swift in Sources */,
				445F61FE2B7D96F60010E2BD /* TransactionDetailView.swift in Sources */,
				445F61FA2B7D95AE0010E2BD /* CategoryButtonStyle.swift in Sources */,
				445F61F82B7D937D0010E2BD /* CategoryViewModel.swift in Sources */,
				44433DF12B7D2B68003D5F90 /* MMAApp.swift in Sources */,
				44D7DE3C2B7D47A70079D8F5 /* NewCategoryView.swift in Sources */,
				445F61F62B7D93720010E2BD /* TransactionViewModel.swift in Sources */,
			);
			runOnlyForDeploymentPostprocessing = 0;
		};
/* End PBXSourcesBuildPhase section */

/* Begin XCBuildConfiguration section */
		44433DFB2B7D2B69003D5F90 /* Debug */ = {
			isa = XCBuildConfiguration;
			buildSettings = {
				ALWAYS_SEARCH_USER_PATHS = NO;
				ASSETCATALOG_COMPILER_GENERATE_SWIFT_ASSET_SYMBOL_EXTENSIONS = YES;
				CLANG_ANALYZER_NONNULL = YES;
				CLANG_ANALYZER_NUMBER_OBJECT_CONVERSION = YES_AGGRESSIVE;
				CLANG_CXX_LANGUAGE_STANDARD = "gnu++20";
				CLANG_ENABLE_MODULES = YES;
				CLANG_ENABLE_OBJC_ARC = YES;
				CLANG_ENABLE_OBJC_WEAK = YES;
				CLANG_WARN_BLOCK_CAPTURE_AUTORELEASING = YES;
				CLANG_WARN_BOOL_CONVERSION = YES;
				CLANG_WARN_COMMA = YES;
				CLANG_WARN_CONSTANT_CONVERSION = YES;
				CLANG_WARN_DEPRECATED_OBJC_IMPLEMENTATIONS = YES;
				CLANG_WARN_DIRECT_OBJC_ISA_USAGE = YES_ERROR;
				CLANG_WARN_DOCUMENTATION_COMMENTS = YES;
				CLANG_WARN_EMPTY_BODY = YES;
				CLANG_WARN_ENUM_CONVERSION = YES;
				CLANG_WARN_INFINITE_RECURSION = YES;
				CLANG_WARN_INT_CONVERSION = YES;
				CLANG_WARN_NON_LITERAL_NULL_CONVERSION = YES;
				CLANG_WARN_OBJC_IMPLICIT_RETAIN_SELF = YES;
				CLANG_WARN_OBJC_LITERAL_CONVERSION = YES;
				CLANG_WARN_OBJC_ROOT_CLASS = YES_ERROR;
				CLANG_WARN_QUOTED_INCLUDE_IN_FRAMEWORK_HEADER = YES;
				CLANG_WARN_RANGE_LOOP_ANALYSIS = YES;
				CLANG_WARN_STRICT_PROTOTYPES = YES;
				CLANG_WARN_SUSPICIOUS_MOVE = YES;
				CLANG_WARN_UNGUARDED_AVAILABILITY = YES_AGGRESSIVE;
				CLANG_WARN_UNREACHABLE_CODE = YES;
				CLANG_WARN__DUPLICATE_METHOD_MATCH = YES;
				COPY_PHASE_STRIP = NO;
				DEBUG_INFORMATION_FORMAT = dwarf;
				ENABLE_STRICT_OBJC_MSGSEND = YES;
				ENABLE_TESTABILITY = YES;
				ENABLE_USER_SCRIPT_SANDBOXING = YES;
				GCC_C_LANGUAGE_STANDARD = gnu17;
				GCC_DYNAMIC_NO_PIC = NO;
				GCC_NO_COMMON_BLOCKS = YES;
				GCC_OPTIMIZATION_LEVEL = 0;
				GCC_PREPROCESSOR_DEFINITIONS = (
					"DEBUG=1",
					"$(inherited)",
				);
				GCC_WARN_64_TO_32_BIT_CONVERSION = YES;
				GCC_WARN_ABOUT_RETURN_TYPE = YES_ERROR;
				GCC_WARN_UNDECLARED_SELECTOR = YES;
				GCC_WARN_UNINITIALIZED_AUTOS = YES_AGGRESSIVE;
				GCC_WARN_UNUSED_FUNCTION = YES;
				GCC_WARN_UNUSED_VARIABLE = YES;
				IPHONEOS_DEPLOYMENT_TARGET = 17.2;
				LOCALIZATION_PREFERS_STRING_CATALOGS = YES;
				MTL_ENABLE_DEBUG_INFO = INCLUDE_SOURCE;
				MTL_FAST_MATH = YES;
				ONLY_ACTIVE_ARCH = YES;
				SDKROOT = iphoneos;
				SWIFT_ACTIVE_COMPILATION_CONDITIONS = "DEBUG $(inherited)";
				SWIFT_OPTIMIZATION_LEVEL = "-Onone";
			};
			name = Debug;
		};
		44433DFC2B7D2B69003D5F90 /* Release */ = {
			isa = XCBuildConfiguration;
			buildSettings = {
				ALWAYS_SEARCH_USER_PATHS = NO;
				ASSETCATALOG_COMPILER_GENERATE_SWIFT_ASSET_SYMBOL_EXTENSIONS = YES;
				CLANG_ANALYZER_NONNULL = YES;
				CLANG_ANALYZER_NUMBER_OBJECT_CONVERSION = YES_AGGRESSIVE;
				CLANG_CXX_LANGUAGE_STANDARD = "gnu++20";
				CLANG_ENABLE_MODULES = YES;
				CLANG_ENABLE_OBJC_ARC = YES;
				CLANG_ENABLE_OBJC_WEAK = YES;
				CLANG_WARN_BLOCK_CAPTURE_AUTORELEASING = YES;
				CLANG_WARN_BOOL_CONVERSION = YES;
				CLANG_WARN_COMMA = YES;
				CLANG_WARN_CONSTANT_CONVERSION = YES;
				CLANG_WARN_DEPRECATED_OBJC_IMPLEMENTATIONS = YES;
				CLANG_WARN_DIRECT_OBJC_ISA_USAGE = YES_ERROR;
				CLANG_WARN_DOCUMENTATION_COMMENTS = YES;
				CLANG_WARN_EMPTY_BODY = YES;
				CLANG_WARN_ENUM_CONVERSION = YES;
				CLANG_WARN_INFINITE_RECURSION = YES;
				CLANG_WARN_INT_CONVERSION = YES;
				CLANG_WARN_NON_LITERAL_NULL_CONVERSION = YES;
				CLANG_WARN_OBJC_IMPLICIT_RETAIN_SELF = YES;
				CLANG_WARN_OBJC_LITERAL_CONVERSION = YES;
				CLANG_WARN_OBJC_ROOT_CLASS = YES_ERROR;
				CLANG_WARN_QUOTED_INCLUDE_IN_FRAMEWORK_HEADER = YES;
				CLANG_WARN_RANGE_LOOP_ANALYSIS = YES;
				CLANG_WARN_STRICT_PROTOTYPES = YES;
				CLANG_WARN_SUSPICIOUS_MOVE = YES;
				CLANG_WARN_UNGUARDED_AVAILABILITY = YES_AGGRESSIVE;
				CLANG_WARN_UNREACHABLE_CODE = YES;
				CLANG_WARN__DUPLICATE_METHOD_MATCH = YES;
				COPY_PHASE_STRIP = NO;
				DEBUG_INFORMATION_FORMAT = "dwarf-with-dsym";
				ENABLE_NS_ASSERTIONS = NO;
				ENABLE_STRICT_OBJC_MSGSEND = YES;
				ENABLE_USER_SCRIPT_SANDBOXING = YES;
				GCC_C_LANGUAGE_STANDARD = gnu17;
				GCC_NO_COMMON_BLOCKS = YES;
				GCC_WARN_64_TO_32_BIT_CONVERSION = YES;
				GCC_WARN_ABOUT_RETURN_TYPE = YES_ERROR;
				GCC_WARN_UNDECLARED_SELECTOR = YES;
				GCC_WARN_UNINITIALIZED_AUTOS = YES_AGGRESSIVE;
				GCC_WARN_UNUSED_FUNCTION = YES;
				GCC_WARN_UNUSED_VARIABLE = YES;
				IPHONEOS_DEPLOYMENT_TARGET = 17.2;
				LOCALIZATION_PREFERS_STRING_CATALOGS = YES;
				MTL_ENABLE_DEBUG_INFO = NO;
				MTL_FAST_MATH = YES;
				SDKROOT = iphoneos;
				SWIFT_COMPILATION_MODE = wholemodule;
				VALIDATE_PRODUCT = YES;
			};
			name = Release;
		};
		44433DFE2B7D2B69003D5F90 /* Debug */ = {
			isa = XCBuildConfiguration;
			buildSettings = {
				ASSETCATALOG_COMPILER_APPICON_NAME = AppIcon;
				ASSETCATALOG_COMPILER_GLOBAL_ACCENT_COLOR_NAME = AccentColor;
				CODE_SIGN_STYLE = Automatic;
				CURRENT_PROJECT_VERSION = 1;
				DEVELOPMENT_ASSET_PATHS = "\"MMA/Preview Content\"";
				DEVELOPMENT_TEAM = Z9DYSNYMCS;
				ENABLE_PREVIEWS = YES;
				GENERATE_INFOPLIST_FILE = YES;
				INFOPLIST_KEY_UIApplicationSceneManifest_Generation = YES;
				INFOPLIST_KEY_UIApplicationSupportsIndirectInputEvents = YES;
				INFOPLIST_KEY_UILaunchScreen_Generation = YES;
				INFOPLIST_KEY_UISupportedInterfaceOrientations_iPad = "UIInterfaceOrientationPortrait UIInterfaceOrientationPortraitUpsideDown UIInterfaceOrientationLandscapeLeft UIInterfaceOrientationLandscapeRight";
				INFOPLIST_KEY_UISupportedInterfaceOrientations_iPhone = "UIInterfaceOrientationPortrait UIInterfaceOrientationLandscapeLeft UIInterfaceOrientationLandscapeRight";
				LD_RUNPATH_SEARCH_PATHS = (
					"$(inherited)",
					"@executable_path/Frameworks",
				);
				MARKETING_VERSION = 1.0;
				PRODUCT_BUNDLE_IDENTIFIER = z.MMA;
				PRODUCT_NAME = "$(TARGET_NAME)";
				SUPPORTED_PLATFORMS = "iphoneos iphonesimulator macosx";
				SUPPORTS_MACCATALYST = NO;
				SWIFT_EMIT_LOC_STRINGS = YES;
				SWIFT_VERSION = 5.0;
				TARGETED_DEVICE_FAMILY = "1,2";
			};
			name = Debug;
		};
		44433DFF2B7D2B69003D5F90 /* Release */ = {
			isa = XCBuildConfiguration;
			buildSettings = {
				ASSETCATALOG_COMPILER_APPICON_NAME = AppIcon;
				ASSETCATALOG_COMPILER_GLOBAL_ACCENT_COLOR_NAME = AccentColor;
				CODE_SIGN_STYLE = Automatic;
				CURRENT_PROJECT_VERSION = 1;
				DEVELOPMENT_ASSET_PATHS = "\"MMA/Preview Content\"";
				DEVELOPMENT_TEAM = Z9DYSNYMCS;
				ENABLE_PREVIEWS = YES;
				GENERATE_INFOPLIST_FILE = YES;
				INFOPLIST_KEY_UIApplicationSceneManifest_Generation = YES;
				INFOPLIST_KEY_UIApplicationSupportsIndirectInputEvents = YES;
				INFOPLIST_KEY_UILaunchScreen_Generation = YES;
				INFOPLIST_KEY_UISupportedInterfaceOrientations_iPad = "UIInterfaceOrientationPortrait UIInterfaceOrientationPortraitUpsideDown UIInterfaceOrientationLandscapeLeft UIInterfaceOrientationLandscapeRight";
				INFOPLIST_KEY_UISupportedInterfaceOrientations_iPhone = "UIInterfaceOrientationPortrait UIInterfaceOrientationLandscapeLeft UIInterfaceOrientationLandscapeRight";
				LD_RUNPATH_SEARCH_PATHS = (
					"$(inherited)",
					"@executable_path/Frameworks",
				);
				MARKETING_VERSION = 1.0;
				PRODUCT_BUNDLE_IDENTIFIER = z.MMA;
				PRODUCT_NAME = "$(TARGET_NAME)";
				SUPPORTED_PLATFORMS = "iphoneos iphonesimulator macosx";
				SUPPORTS_MACCATALYST = NO;
				SWIFT_EMIT_LOC_STRINGS = YES;
				SWIFT_VERSION = 5.0;
				TARGETED_DEVICE_FAMILY = "1,2";
			};
			name = Release;
		};
/* End XCBuildConfiguration section */

/* Begin XCConfigurationList section */
		44433DE82B7D2B68003D5F90 /* Build configuration list for PBXProject "MMA" */ = {
			isa = XCConfigurationList;
			buildConfigurations = (
				44433DFB2B7D2B69003D5F90 /* Debug */,
				44433DFC2B7D2B69003D5F90 /* Release */,
			);
			defaultConfigurationIsVisible = 0;
			defaultConfigurationName = Release;
		};
		44433DFD2B7D2B69003D5F90 /* Build configuration list for PBXNativeTarget "MMA" */ = {
			isa = XCConfigurationList;
			buildConfigurations = (
				44433DFE2B7D2B69003D5F90 /* Debug */,
				44433DFF2B7D2B69003D5F90 /* Release */,
			);
			defaultConfigurationIsVisible = 0;
			defaultConfigurationName = Release;
		};
/* End XCConfigurationList section */
	};
	rootObject = 44433DE52B7D2B68003D5F90 /* Project object */;
}
